
Microsoft Visual Studio Solution File, Format Version 12.00
# Visual Studio 15
VisualStudioVersion = 15.0.27130.2036
MinimumVisualStudioVersion = 10.0.40219.1
Project("{FAE04EC0-301F-11D3-BF4B-00C04F79EFBC}") = "PresentationsHelper", "PresentationsHelper\PresentationsHelper.csproj", "{AD791DEA-A8EF-401E-9F28-ECB788CF2A06}"
EndProject
Project("{2150E333-8FDC-42A3-9474-1A3956D46DE8}") = "Solution Items", "Solution Items", "{2DC8972B-7177-471A-B0F8-5EF977E4BC21}"
EndProject
Global
	GlobalSection(SolutionConfigurationPlatforms) = preSolution
		Debug|Any CPU = Debug|Any CPU
		Release|Any CPU = Release|Any CPU
	EndGlobalSection
	GlobalSection(ProjectConfigurationPlatforms) = postSolution
		{AD791DEA-A8EF-401E-9F28-ECB788CF2A06}.Debug|Any CPU.ActiveCfg = Debug|Any CPU
		{AD791DEA-A8EF-401E-9F28-ECB788CF2A06}.Debug|Any CPU.Build.0 = Debug|Any CPU
		{AD791DEA-A8EF-401E-9F28-ECB788CF2A06}.Release|Any CPU.ActiveCfg = Release|Any CPU
		{AD791DEA-A8EF-401E-9F28-ECB788CF2A06}.Release|Any CPU.Build.0 = Release|Any CPU
	EndGlobalSection
	GlobalSection(SolutionProperties) = preSolution
		HideSolutionNode = FALSE
	EndGlobalSection
	GlobalSection(ExtensibilityGlobals) = postSolution
		SolutionGuid = {E3AAF4BF-10E8-4E40-A19A-100DB0FC14F3}
	EndGlobalSection
EndGlobal
